
Microsoft Visual Studio Solution File, Format Version 12.00
# Visual Studio Version 17
VisualStudioVersion = 17.6.33815.320
MinimumVisualStudioVersion = 10.0.40219.1
Project("{FAE04EC0-301F-11D3-BF4B-00C04F79EFBC}") = "WebAppPlayers", "WebAppPlayers\WebAppPlayers.csproj", "{799D9587-74EF-44AD-8E08-400047D2576D}"
EndProject
Global
	GlobalSection(SolutionConfigurationPlatforms) = preSolution
		Debug|Any CPU = Debug|Any CPU
		Release|Any CPU = Release|Any CPU
	EndGlobalSection
	GlobalSection(ProjectConfigurationPlatforms) = postSolution
		{799D9587-74EF-44AD-8E08-400047D2576D}.Debug|Any CPU.ActiveCfg = Debug|Any CPU
		{799D9587-74EF-44AD-8E08-400047D2576D}.Debug|Any CPU.Build.0 = Debug|Any CPU
		{799D9587-74EF-44AD-8E08-400047D2576D}.Release|Any CPU.ActiveCfg = Release|Any CPU
		{799D9587-74EF-44AD-8E08-400047D2576D}.Release|Any CPU.Build.0 = Release|Any CPU
	EndGlobalSection
	GlobalSection(SolutionProperties) = preSolution
		HideSolutionNode = FALSE
	EndGlobalSection
	GlobalSection(ExtensibilityGlobals) = postSolution
		SolutionGuid = {76D7D083-CBF5-4FC0-9983-75EFE3627E4E}
	EndGlobalSection
EndGlobal
